
Microsoft Visual Studio Solution File, Format Version 12.00
# Visual Studio Version 17
VisualStudioVersion = 17.7.34024.191
MinimumVisualStudioVersion = 10.0.40219.1
Project("{8BC9CEB8-8B4A-11D0-8D11-00A0C91BC942}") = "injectDllCpp", "injectDllCpp\injectDllCpp.vcxproj", "{3C184919-49BA-44AB-8614-51455AFE1D27}"
EndProject
Global
	GlobalSection(SolutionConfigurationPlatforms) = preSolution
		Debug|x64 = Debug|x64
		Debug|x86 = Debug|x86
		Release|x64 = Release|x64
		Release|x86 = Release|x86
	EndGlobalSection
	GlobalSection(ProjectConfigurationPlatforms) = postSolution
		{3C184919-49BA-44AB-8614-51455AFE1D27}.Debug|x64.ActiveCfg = Debug|x64
		{3C184919-49BA-44AB-8614-51455AFE1D27}.Debug|x64.Build.0 = Debug|x64
		{3C184919-49BA-44AB-8614-51455AFE1D27}.Debug|x86.ActiveCfg = Debug|Win32
		{3C184919-49BA-44AB-8614-51455AFE1D27}.Debug|x86.Build.0 = Debug|Win32
		{3C184919-49BA-44AB-8614-51455AFE1D27}.Release|x64.ActiveCfg = Release|x64
		{3C184919-49BA-44AB-8614-51455AFE1D27}.Release|x64.Build.0 = Release|x64
		{3C184919-49BA-44AB-8614-51455AFE1D27}.Release|x86.ActiveCfg = Release|Win32
		{3C184919-49BA-44AB-8614-51455AFE1D27}.Release|x86.Build.0 = Release|Win32
	EndGlobalSection
	GlobalSection(SolutionProperties) = preSolution
		HideSolutionNode = FALSE
	EndGlobalSection
	GlobalSection(ExtensibilityGlobals) = postSolution
		SolutionGuid = {4697A23D-4C12-4F68-998D-8CB20E3980BD}
	EndGlobalSection
EndGlobal
